
Microsoft Visual Studio Solution File, Format Version 12.00
# Visual Studio Version 16
VisualStudioVersion = 16.0.33130.400
MinimumVisualStudioVersion = 10.0.40219.1
Project("{FAE04EC0-301F-11D3-BF4B-00C04F79EFBC}") = "7toXP-Phase2", "7toXP-Phase2.csproj", "{623B0C2A-6548-4F34-92B9-6B8AB8AA5928}"
EndProject
Global
	GlobalSection(SolutionConfigurationPlatforms) = preSolution
		Debug|Any CPU = Debug|Any CPU
		Release|Any CPU = Release|Any CPU
	EndGlobalSection
	GlobalSection(ProjectConfigurationPlatforms) = postSolution
		{623B0C2A-6548-4F34-92B9-6B8AB8AA5928}.Debug|Any CPU.ActiveCfg = Debug|Any CPU
		{623B0C2A-6548-4F34-92B9-6B8AB8AA5928}.Debug|Any CPU.Build.0 = Debug|Any CPU
		{623B0C2A-6548-4F34-92B9-6B8AB8AA5928}.Release|Any CPU.ActiveCfg = Release|Any CPU
		{623B0C2A-6548-4F34-92B9-6B8AB8AA5928}.Release|Any CPU.Build.0 = Release|Any CPU
	EndGlobalSection
	GlobalSection(SolutionProperties) = preSolution
		HideSolutionNode = FALSE
	EndGlobalSection
	GlobalSection(ExtensibilityGlobals) = postSolution
		SolutionGuid = {14708FD1-0C25-4847-9279-5E925583C907}
	EndGlobalSection
EndGlobal
